[[package]]
name = "apipkg"
version = "1.5"
description = "apipkg: namespace control and lazy-import mechanism"
category = "dev"
optional = false
python-versions = ">=2.7, !=3.0.*, !=3.1.*, !=3.2.*, !=3.3.*"

[[package]]
name = "atomicwrites"
version = "1.4.0"
description = "Atomic file writes."
category = "dev"
optional = false
python-versions = ">=2.7, !=3.0.*, !=3.1.*, !=3.2.*, !=3.3.*"
marker = "sys_platform == \"win32\""

[[package]]
name = "attrs"
version = "20.2.0"
description = "Classes Without Boilerplate"
category = "dev"
optional = false
python-versions = ">=2.7, !=3.0.*, !=3.1.*, !=3.2.*, !=3.3.*"

[package.extras]
dev = ["coverage (>=5.0.2)", "hypothesis", "pympler", "pytest (>=4.3.0)", "six", "zope.interface", "sphinx", "sphinx-rtd-theme", "pre-commit"]
docs = ["sphinx", "sphinx-rtd-theme", "zope.interface"]
tests = ["coverage (>=5.0.2)", "hypothesis", "pympler", "pytest (>=4.3.0)", "six", "zope.interface"]
tests_no_zope = ["coverage (>=5.0.2)", "hypothesis", "pympler", "pytest (>=4.3.0)", "six"]

[[package]]
name = "beautifulsoup4"
version = "4.8.1"
description = "Screen-scraping library"
category = "dev"
optional = false
python-versions = "*"

[package.extras]
html5lib = ["html5lib"]
lxml = ["lxml"]

[package.dependencies]
soupsieve = ">=1.2"

[[package]]
name = "certifi"
version = "2020.6.20"
description = "Python package for providing Mozilla's CA Bundle."
category = "main"
optional = false
python-versions = "*"

[[package]]
name = "chardet"
version = "3.0.4"
description = "Universal encoding detector for Python 2 and 3"
category = "main"
optional = false
python-versions = "*"

[[package]]
name = "click"
version = "7.0"
description = "Composable command line interface toolkit"
category = "dev"
optional = false
python-versions = ">=2.7, !=3.0.*, !=3.1.*, !=3.2.*, !=3.3.*"

[[package]]
name = "colorama"
version = "0.4.3"
description = "Cross-platform colored terminal text."
category = "dev"
optional = false
python-versions = ">=2.7, !=3.0.*, !=3.1.*, !=3.2.*, !=3.3.*, !=3.4.*"
marker = "sys_platform == \"win32\""

[[package]]
name = "dunamai"
version = "1.3.0"
description = "Dynamic version generation"
category = "dev"
optional = false
python-versions = ">=3.5,<4.0"

[[package]]
name = "execnet"
version = "1.7.1"
description = "execnet: rapid multi-Python deployment"
category = "dev"
optional = false
python-versions = ">=2.7, !=3.0.*, !=3.1.*, !=3.2.*, !=3.3.*"

[package.extras]
testing = ["pre-commit"]

[package.dependencies]
apipkg = ">=1.4"

[[package]]
name = "faker"
version = "4.1.3"
description = "Faker is a Python package that generates fake data for you."
category = "dev"
optional = false
python-versions = ">=3.5"

[package.dependencies]
python-dateutil = ">=2.4"
text-unidecode = "1.3"

[[package]]
name = "filelock"
version = "3.0.12"
description = "A platform independent file lock."
category = "dev"
optional = false
python-versions = "*"

[[package]]
name = "future"
version = "0.17.1"
description = "Clean single-source support for Python 3 and 2"
category = "main"
optional = false
python-versions = ">=2.6, !=3.0.*, !=3.1.*, !=3.2.*"

[[package]]
name = "futures"
version = "3.1.1"
description = "Backport of the concurrent.futures package from Python 3.2"
category = "dev"
optional = false
python-versions = "*"

[[package]]
name = "futures-then"
version = "0.1.1"
description = "Python Futures made then-able"
category = "dev"
optional = false
python-versions = "*"

[package.dependencies]
futures = "*"

[[package]]
name = "httplib2"
version = "0.18.1"
description = "A comprehensive HTTP client library."
category = "dev"
optional = false
python-versions = "*"

[[package]]
name = "idna"
version = "2.5"
description = "Internationalized Domain Names in Applications (IDNA)"
category = "main"
optional = false
python-versions = "*"

[[package]]
name = "importlib-metadata"
version = "1.7.0"
description = "Read metadata from Python packages"
category = "dev"
optional = false
python-versions = "!=3.0.*,!=3.1.*,!=3.2.*,!=3.3.*,!=3.4.*,>=2.7"
marker = "python_version < \"3.8\""

[package.extras]
docs = ["sphinx", "rst.linker"]
testing = ["packaging", "pep517", "importlib-resources (>=1.3)"]

[package.dependencies]
zipp = ">=0.5"

[[package]]
name = "ipaddress"
version = "1.0.22"
description = "IPv4/IPv6 manipulation library"
category = "dev"
optional = false
python-versions = "*"

[[package]]
name = "jinja2"
version = "2.11.1"
description = "A very fast and expressive template engine."
category = "main"
optional = false
python-versions = ">=2.7, !=3.0.*, !=3.1.*, !=3.2.*, !=3.3.*, !=3.4.*"

[package.extras]
i18n = ["Babel (>=0.8)"]

[package.dependencies]
MarkupSafe = ">=0.23"

[[package]]
name = "jsoncomment"
version = "0.3.3"
description = "A wrapper to JSON parsers allowing comments, multiline strings and trailing commas"
category = "dev"
optional = false
python-versions = ">=2.7,!=3.0.*,!=3.1.*,!=3.2.*"

[package.extras]
ujson = ["ujson (>=1.30)"]

[[package]]
name = "jsonschema"
version = "3.2.0"
description = "An implementation of JSON Schema validation for Python"
category = "dev"
optional = false
python-versions = "*"

[package.extras]
format = ["idna", "jsonpointer (>1.13)", "rfc3987", "strict-rfc3339", "webcolors"]
format_nongpl = ["idna", "jsonpointer (>1.13)", "webcolors", "rfc3986-validator (>0.1.0)", "rfc3339-validator"]

[package.dependencies]
attrs = ">=17.4.0"
pyrsistent = ">=0.14.0"
setuptools = "*"
six = ">=1.11.0"

[package.dependencies.importlib-metadata]
version = "*"
python = "<3.8"

[[package]]
name = "junitparser"
version = "1.4.1"
description = "Manipulates JUnit/xUnit Result XML files"
category = "dev"
optional = false
python-versions = "*"

[package.dependencies]
future = "*"

[[package]]
name = "langdetect"
version = "1.0.7"
description = "Language detection library ported from Google's language-detection."
category = "dev"
optional = false
python-versions = "*"

[package.dependencies]
six = "*"

[[package]]
name = "logutils"
version = "0.3.5"
description = "Logging utilities"
category = "dev"
optional = false
python-versions = "*"

[[package]]
name = "lovely-pytest-docker"
version = "0.1.0"
description = "Pytest testing utilities with docker containers."
category = "dev"
optional = false
python-versions = "*"

[package.dependencies]
pytest = "*"

[[package]]
name = "lxml"
version = "4.3.4"
description = "Powerful and Pythonic XML processing library combining libxml2/libxslt with the ElementTree API."
category = "main"
optional = false
python-versions = "*"

[package.extras]
cssselect = ["cssselect (>=0.7)"]
html5 = ["html5lib"]
htmlsoup = ["beautifulsoup4"]
source = ["Cython (>=0.29.1)"]

[[package]]
name = "mako"
version = "1.0.12"
description = "A super-fast templating language that borrows the  best ideas from the existing templating languages."
category = "main"
optional = false
python-versions = ">=2.6"

[package.dependencies]
MarkupSafe = ">=0.9.2"

[[package]]
name = "markdown"
version = "3.1.1"
description = "Python implementation of Markdown."
category = "dev"
optional = false
python-versions = ">=2.7,!=3.0.*,!=3.1.*,!=3.2.*,!=3.3.*,!=3.4.*"

[package.extras]
testing = ["coverage", "pyyaml"]

[package.dependencies]
setuptools = ">=36"

[[package]]
name = "markupsafe"
version = "1.1.1"
description = "Safely add untrusted strings to HTML/XML markup."
category = "main"
optional = false
python-versions = ">=2.7,!=3.0.*,!=3.1.*,!=3.2.*,!=3.3.*"

[[package]]
name = "more-itertools"
version = "8.5.0"
description = "More routines for operating on iterables, beyond itertools"
category = "dev"
optional = false
python-versions = ">=3.5"

[[package]]
name = "munch"
version = "2.5.0"
description = "A dot-accessible dictionary (a la JavaScript objects)"
category = "main"
optional = false
python-versions = "*"

[package.extras]
testing = ["pytest", "coverage", "astroid (>=1.5.3,<1.6.0)", "pylint (>=1.7.2,<1.8.0)", "astroid (>=2.0)", "pylint (>=2.3.1,<2.4.0)"]
yaml = ["PyYAML (>=5.1.0)"]

[package.dependencies]
six = "*"

[[package]]
name = "packaging"
version = "20.4"
description = "Core utilities for Python packages"
category = "dev"
optional = false
python-versions = ">=2.7, !=3.0.*, !=3.1.*, !=3.2.*, !=3.3.*"

[package.dependencies]
pyparsing = ">=2.0.2"
six = "*"

[[package]]
name = "painter"
version = "0.3.1"
description = "Your own expressive painter who colors text in your terminal."
category = "dev"
optional = false
python-versions = "*"

[[package]]
name = "pillow"
version = "6.0.0"
description = "Python Imaging Library (Fork)"
category = "dev"
optional = false
python-versions = ">=2.7, !=3.0.*, !=3.1.*, !=3.2.*, !=3.3.*, !=3.4.*"

[[package]]
name = "pluggy"
version = "0.13.1"
description = "plugin and hook calling mechanisms for python"
category = "dev"
optional = false
python-versions = ">=2.7, !=3.0.*, !=3.1.*, !=3.2.*, !=3.3.*"

[package.extras]
dev = ["pre-commit", "tox"]

[package.dependencies]
[package.dependencies.importlib-metadata]
version = ">=0.12"
python = "<3.8"

[[package]]
name = "poetry-dynamic-versioning"
version = "0.8.3"
description = "Plugin for Poetry to enable dynamic versioning based on VCS tags"
category = "dev"
optional = false
python-versions = ">=3.5,<4.0"

[package.dependencies]
dunamai = ">=1.3,<2.0"
jinja2 = ">=2.11.1,<3.0.0"
tomlkit = ">=0.4"

[[package]]
name = "py"
version = "1.9.0"
description = "library with cross-python path, ini-parsing, io, code, log facilities"
category = "dev"
optional = false
python-versions = ">=2.7, !=3.0.*, !=3.1.*, !=3.2.*, !=3.3.*"

[[package]]
name = "pyparsing"
version = "2.4.7"
description = "Python parsing module"
category = "dev"
optional = false
python-versions = ">=2.6, !=3.0.*, !=3.1.*, !=3.2.*"

[[package]]
name = "pyrsistent"
version = "0.17.3"
description = "Persistent/Functional/Immutable data structures"
category = "dev"
optional = false
python-versions = ">=3.5"

[[package]]
name = "pytest"
version = "5.4.3"
description = "pytest: simple powerful testing with Python"
category = "dev"
optional = false
python-versions = ">=3.5"

[package.extras]
checkqa-mypy = ["mypy (v0.761)"]
testing = ["argcomplete", "hypothesis (>=3.56)", "mock", "nose", "requests", "xmlschema"]

[package.dependencies]
atomicwrites = ">=1.0"
attrs = ">=17.4.0"
colorama = "*"
more-itertools = ">=4.0.0"
packaging = "*"
pluggy = ">=0.12,<1.0"
py = ">=1.5.0"
wcwidth = "*"

[package.dependencies.importlib-metadata]
version = ">=0.12"
python = "<3.8"

[[package]]
name = "pytest-forked"
version = "1.3.0"
description = "run tests in isolated forked subprocesses"
category = "dev"
optional = false
python-versions = ">=2.7, !=3.0.*, !=3.1.*, !=3.2.*, !=3.3.*, !=3.4.*"

[package.dependencies]
py = "*"
pytest = ">=3.10"

[[package]]
name = "pytest-ordering"
version = "0.6"
description = "pytest plugin to run your tests in a specific order"
category = "dev"
optional = false
python-versions = "*"

[package.dependencies]
pytest = "*"

[[package]]
name = "pytest-splunk-addon"
version = "1.3.5"
description = "A Dynamic test tool for Splunk Apps and Add-ons"
category = "dev"
optional = false
python-versions = ">=3.0, !=3.0.*, !=3.1.*, !=3.2.*, !=3.3.*"

[package.extras]
docker = ["lovely-pytest-docker (>=0.1.0)"]

[package.dependencies]
faker = ">=4.1.1,<4.2.0"
filelock = ">=3.0.12,<3.1.0"
future = ">=0.17.1,<0.18.0"
httplib2 = ">=0.18,<1.0"
jsonschema = ">=3.2.0,<3.3.0"
junitparser = "1.4.1"
logutils = ">=0.3.5,<0.4.0"
pytest = ">=5.3,<6.0"
pytest-ordering = ">=0.6,<1.0"
pytest-xdist = ">=1.34.0,<1.35.0"
requests2 = ">=2.16,<3.0"
six = ">=1.12.0,<1.13.0"
splunk-appinspect = ">=2.0.1"
splunk-sdk = ">=1.6,<2.0"

[package.dependencies.lovely-pytest-docker]
version = ">=0.1.0"
optional = true

[[package]]
name = "pytest-xdist"
version = "1.34.0"
description = "pytest xdist plugin for distributed testing and loop-on-failing modes"
category = "dev"
optional = false
python-versions = ">=2.7, !=3.0.*, !=3.1.*, !=3.2.*, !=3.3.*, !=3.4.*"

[package.extras]
testing = ["filelock"]

[package.dependencies]
execnet = ">=1.1"
pytest = ">=4.4.0"
pytest-forked = "*"
six = "*"

[[package]]
name = "python-dateutil"
version = "2.8.1"
description = "Extensions to the standard Python datetime module"
category = "dev"
optional = false
python-versions = "!=3.0.*,!=3.1.*,!=3.2.*,>=2.7"

[package.dependencies]
six = ">=1.5"

[[package]]
name = "python-magic"
version = "0.4.15"
description = "File type identification using libmagic"
category = "dev"
optional = false
python-versions = "*"

[[package]]
name = "pyyaml"
version = "5.3"
description = "YAML parser and emitter for Python"
category = "dev"
optional = false
python-versions = ">=2.7, !=3.0.*, !=3.1.*, !=3.2.*, !=3.3.*, !=3.4.*"

[[package]]
name = "regex"
version = "2019.06.08"
description = "Alternative regular expression module, to replace re."
category = "dev"
optional = false
python-versions = "*"

[[package]]
name = "requests"
version = "2.24.0"
description = "Python HTTP for Humans."
category = "main"
optional = false
python-versions = ">=2.7, !=3.0.*, !=3.1.*, !=3.2.*, !=3.3.*, !=3.4.*"

[package.extras]
security = ["pyOpenSSL (>=0.14)", "cryptography (>=1.3.4)"]
socks = ["PySocks (>=1.5.6,<1.5.7 || >1.5.7)", "win-inet-pton"]

[package.dependencies]
certifi = ">=2017.4.17"
chardet = ">=3.0.2,<4"
idna = ">=2.5,<3"
urllib3 = ">=1.21.1,<1.25.0 || >1.25.0,<1.25.1 || >1.25.1,<1.26"

[[package]]
name = "requests2"
version = "2.16.0"
description = "Python HTTP for Humans."
category = "dev"
optional = false
python-versions = "*"

[package.extras]
security = ["cryptography (>=1.3.4)", "idna (>=2.0.0)", "pyOpenSSL (>=0.14)"]
socks = ["PySocks (>=1.5.6,<1.5.7 || >1.5.7)", "win-inet-pton"]

[package.dependencies]
certifi = ">=2017.4.17"
chardet = ">=3.0.2,<3.1.0"
idna = ">=2.5,<2.6"
urllib3 = ">=1.21.1,<1.22"

[[package]]
name = "schematics"
version = "2.1.0"
description = "Python Data Structures for Humans"
category = "main"
optional = false
python-versions = "*"

[[package]]
name = "six"
version = "1.12.0"
description = "Python 2 and 3 compatibility utilities"
category = "main"
optional = false
python-versions = ">=2.6, !=3.0.*, !=3.1.*"

[[package]]
name = "solnlib"
version = "3.0.0"
description = "The Splunk Software Development Kit for Splunk Solutions"
category = "main"
optional = false
python-versions = ">=2.7, !=3.0.*, !=3.1.*, !=3.2.*, !=3.3.*, !=3.4.*, !=3.5.*, !=3.6.*"

[package.dependencies]
future = ">=0,<1"
requests = ">=2.24,<3.0"
schematics = ">=2.1,<3.0"
sortedcontainers = ">=2.2,<3.0"
splunk-sdk = ">=1.6,<2.0"

[[package]]
name = "sortedcontainers"
version = "2.2.2"
description = "Sorted Containers -- Sorted List, Sorted Dict, Sorted Set"
category = "main"
optional = false
python-versions = "*"

[[package]]
name = "soupsieve"
version = "2.0.1"
description = "A modern CSS selector implementation for Beautiful Soup."
category = "dev"
optional = false
python-versions = ">=3.5"

[[package]]
name = "splunk-appinspect"
version = "2.2.1"
description = "Automatic validation checks for Splunk Apps"
category = "dev"
optional = false
python-versions = "*"

[package.dependencies]
beautifulsoup4 = "4.8.1"
chardet = "3.0.4"
click = "7.0"
future = "0.17.1"
futures-then = "0.1.1"
ipaddress = "1.0.22"
jinja2 = "2.11.1"
jsoncomment = "0.3.3"
langdetect = "1.0.7"
lxml = "4.3.4"
mako = "1.0.12"
Markdown = "3.1.1"
painter = "0.3.1"
pillow = "6.0.0"
python-magic = "0.4.15"
PyYAML = "5.3"
regex = "2019.6.8"
six = "1.12.0"

[[package]]
name = "splunk-sdk"
version = "1.6.14"
description = "The Splunk Software Development Kit for Python."
category = "main"
optional = false
python-versions = "*"

[[package]]
name = "text-unidecode"
version = "1.3"
description = "The most basic Text::Unidecode port"
category = "dev"
optional = false
python-versions = "*"

[[package]]
name = "tomlkit"
version = "0.7.0"
description = "Style preserving TOML library"
category = "dev"
optional = false
python-versions = ">=2.7, !=3.0.*, !=3.1.*, !=3.2.*, !=3.3.*, !=3.4.*"

[[package]]
name = "urllib3"
version = "1.21.1"
description = "HTTP library with thread-safe connection pooling, file post, and more."
category = "main"
optional = false
python-versions = "*"

[package.extras]
secure = ["pyOpenSSL (>=0.14)", "cryptography (>=1.3.4)", "idna (>=2.0.0)", "certifi", "ipaddress"]
socks = ["PySocks (>=1.5.6,<1.5.7 || >1.5.7,<2.0)"]

[[package]]
name = "wcwidth"
version = "0.2.5"
description = "Measures the displayed width of unicode strings in a terminal"
category = "dev"
optional = false
python-versions = "*"

[[package]]
name = "zipp"
version = "3.1.0"
description = "Backport of pathlib-compatible object wrapper for zip files"
category = "dev"
optional = false
python-versions = ">=3.6"
marker = "python_version < \"3.8\""

[package.extras]
docs = ["sphinx", "jaraco.packaging (>=3.2)", "rst.linker (>=1.9)"]
testing = ["jaraco.itertools", "func-timeout"]

[metadata]
lock-version = "1.0"
python-versions = "^3.7"
content-hash = "e28d09e5963f016eeb3296cbcc29c295b3b57f22a7ea551c14fb4a35db3d1c6b"

[metadata.files]
apipkg = [
    {file = "apipkg-1.5-py2.py3-none-any.whl", hash = "sha256:58587dd4dc3daefad0487f6d9ae32b4542b185e1c36db6993290e7c41ca2b47c"},
    {file = "apipkg-1.5.tar.gz", hash = "sha256:37228cda29411948b422fae072f57e31d3396d2ee1c9783775980ee9c9990af6"},
]
atomicwrites = [
    {file = "atomicwrites-1.4.0-py2.py3-none-any.whl", hash = "sha256:6d1784dea7c0c8d4a5172b6c620f40b6e4cbfdf96d783691f2e1302a7b88e197"},
    {file = "atomicwrites-1.4.0.tar.gz", hash = "sha256:ae70396ad1a434f9c7046fd2dd196fc04b12f9e91ffb859164193be8b6168a7a"},
]
attrs = [
    {file = "attrs-20.2.0-py2.py3-none-any.whl", hash = "sha256:fce7fc47dfc976152e82d53ff92fa0407700c21acd20886a13777a0d20e655dc"},
    {file = "attrs-20.2.0.tar.gz", hash = "sha256:26b54ddbbb9ee1d34d5d3668dd37d6cf74990ab23c828c2888dccdceee395594"},
]
beautifulsoup4 = [
    {file = "beautifulsoup4-4.8.1-py2-none-any.whl", hash = "sha256:5279c36b4b2ec2cb4298d723791467e3000e5384a43ea0cdf5d45207c7e97169"},
    {file = "beautifulsoup4-4.8.1-py3-none-any.whl", hash = "sha256:dcdef580e18a76d54002088602eba453eec38ebbcafafeaabd8cab12b6155d57"},
    {file = "beautifulsoup4-4.8.1.tar.gz", hash = "sha256:6135db2ba678168c07950f9a16c4031822c6f4aec75a65e0a97bc5ca09789931"},
]
certifi = [
    {file = "certifi-2020.6.20-py2.py3-none-any.whl", hash = "sha256:8fc0819f1f30ba15bdb34cceffb9ef04d99f420f68eb75d901e9560b8749fc41"},
    {file = "certifi-2020.6.20.tar.gz", hash = "sha256:5930595817496dd21bb8dc35dad090f1c2cd0adfaf21204bf6732ca5d8ee34d3"},
]
chardet = [
    {file = "chardet-3.0.4-py2.py3-none-any.whl", hash = "sha256:fc323ffcaeaed0e0a02bf4d117757b98aed530d9ed4531e3e15460124c106691"},
    {file = "chardet-3.0.4.tar.gz", hash = "sha256:84ab92ed1c4d4f16916e05906b6b75a6c0fb5db821cc65e70cbd64a3e2a5eaae"},
]
click = [
    {file = "Click-7.0-py2.py3-none-any.whl", hash = "sha256:2335065e6395b9e67ca716de5f7526736bfa6ceead690adf616d925bdc622b13"},
    {file = "Click-7.0.tar.gz", hash = "sha256:5b94b49521f6456670fdb30cd82a4eca9412788a93fa6dd6df72c94d5a8ff2d7"},
]
colorama = [
    {file = "colorama-0.4.3-py2.py3-none-any.whl", hash = "sha256:7d73d2a99753107a36ac6b455ee49046802e59d9d076ef8e47b61499fa29afff"},
    {file = "colorama-0.4.3.tar.gz", hash = "sha256:e96da0d330793e2cb9485e9ddfd918d456036c7149416295932478192f4436a1"},
]
dunamai = [
    {file = "dunamai-1.3.0-py3-none-any.whl", hash = "sha256:6f7b313a3e817ed08069147f0e25fbc7e85cf1c1394709d896cb76e552cabbff"},
    {file = "dunamai-1.3.0.tar.gz", hash = "sha256:5685cfe8c69fda7a4cf6e1f33de6ce5f0655c1e53c5caf8a680dfc81cd53f6b8"},
]
execnet = [
    {file = "execnet-1.7.1-py2.py3-none-any.whl", hash = "sha256:d4efd397930c46415f62f8a31388d6be4f27a91d7550eb79bc64a756e0056547"},
    {file = "execnet-1.7.1.tar.gz", hash = "sha256:cacb9df31c9680ec5f95553976c4da484d407e85e41c83cb812aa014f0eddc50"},
]
faker = [
    {file = "Faker-4.1.3-py3-none-any.whl", hash = "sha256:80bab8d46035a7393de827210c5d39c17109d3346d131946bde622137120c496"},
    {file = "Faker-4.1.3.tar.gz", hash = "sha256:075a95ac4c95765370919d787dcd958acfaea635005ad5af4d926cb0973800db"},
]
filelock = [
    {file = "filelock-3.0.12-py3-none-any.whl", hash = "sha256:929b7d63ec5b7d6b71b0fa5ac14e030b3f70b75747cef1b10da9b879fef15836"},
    {file = "filelock-3.0.12.tar.gz", hash = "sha256:18d82244ee114f543149c66a6e0c14e9c4f8a1044b5cdaadd0f82159d6a6ff59"},
]
future = [
    {file = "future-0.17.1.tar.gz", hash = "sha256:67045236dcfd6816dc439556d009594abf643e5eb48992e36beac09c2ca659b8"},
]
futures = [
    {file = "futures-3.1.1-py2-none-any.whl", hash = "sha256:c4884a65654a7c45435063e14ae85280eb1f111d94e542396717ba9828c4337f"},
    {file = "futures-3.1.1-py3-none-any.whl", hash = "sha256:3a44f286998ae64f0cc083682fcfec16c406134a81a589a5de445d7bb7c2751b"},
    {file = "futures-3.1.1.tar.gz", hash = "sha256:51ecb45f0add83c806c68e4b06106f90db260585b25ef2abfcda0bd95c0132fd"},
]
futures-then = [
    {file = "futures_then-0.1.1.tar.gz", hash = "sha256:976f684e5b336a1a13c8c2f342e28352519febf6591175aeb3bbc5ce60dde04a"},
]
httplib2 = [
    {file = "httplib2-0.18.1-py3-none-any.whl", hash = "sha256:ca2914b015b6247791c4866782fa6042f495b94401a0f0bd3e1d6e0ba2236782"},
    {file = "httplib2-0.18.1.tar.gz", hash = "sha256:8af66c1c52c7ffe1aa5dc4bcd7c769885254b0756e6e69f953c7f0ab49a70ba3"},
]
idna = [
    {file = "idna-2.5-py2.py3-none-any.whl", hash = "sha256:cc19709fd6d0cbfed39ea875d29ba6d4e22c0cebc510a76d6302a28385e8bb70"},
    {file = "idna-2.5.tar.gz", hash = "sha256:3cb5ce08046c4e3a560fc02f138d0ac63e00f8ce5901a56b32ec8b7994082aab"},
]
importlib-metadata = [
    {file = "importlib_metadata-1.7.0-py2.py3-none-any.whl", hash = "sha256:dc15b2969b4ce36305c51eebe62d418ac7791e9a157911d58bfb1f9ccd8e2070"},
    {file = "importlib_metadata-1.7.0.tar.gz", hash = "sha256:90bb658cdbbf6d1735b6341ce708fc7024a3e14e99ffdc5783edea9f9b077f83"},
]
ipaddress = [
    {file = "ipaddress-1.0.22-py2.py3-none-any.whl", hash = "sha256:64b28eec5e78e7510698f6d4da08800a5c575caa4a286c93d651c5d3ff7b6794"},
    {file = "ipaddress-1.0.22.tar.gz", hash = "sha256:b146c751ea45cad6188dd6cf2d9b757f6f4f8d6ffb96a023e6f2e26eea02a72c"},
]
jinja2 = [
    {file = "Jinja2-2.11.1-py2.py3-none-any.whl", hash = "sha256:b0eaf100007721b5c16c1fc1eecb87409464edc10469ddc9a22a27a99123be49"},
    {file = "Jinja2-2.11.1.tar.gz", hash = "sha256:93187ffbc7808079673ef52771baa950426fd664d3aad1d0fa3e95644360e250"},
]
jsoncomment = [
    {file = "jsoncomment-0.3.3-py3-none-any.whl", hash = "sha256:ec5e16b609724f60b33b86509cad56aa1dd4ccdf30ebe936d2f0d0daa8c43151"},
    {file = "jsoncomment-0.3.3.tar.gz", hash = "sha256:98093db601c735804b8da6d999f117727fa4cd31c0fa18cfde3cc993d27e5a1e"},
]
jsonschema = [
    {file = "jsonschema-3.2.0-py2.py3-none-any.whl", hash = "sha256:4e5b3cf8216f577bee9ce139cbe72eca3ea4f292ec60928ff24758ce626cd163"},
    {file = "jsonschema-3.2.0.tar.gz", hash = "sha256:c8a85b28d377cc7737e46e2d9f2b4f44ee3c0e1deac6bf46ddefc7187d30797a"},
]
junitparser = [
    {file = "junitparser-1.4.1-py2.py3-none-any.whl", hash = "sha256:9d8cd9909f115d4e0fe1f445ebd816524123c34cf0178c48bd4778d50a5f2617"},
    {file = "junitparser-1.4.1.tar.gz", hash = "sha256:6e67cf080235be7158ce3fe35fa9a327bf577080c02f5c646d4761e513bb2131"},
]
langdetect = [
    {file = "langdetect-1.0.7.zip", hash = "sha256:91a170d5f0ade380db809b3ba67f08e95fe6c6c8641f96d67a51ff7e98a9bf30"},
]
logutils = [
    {file = "logutils-0.3.5.tar.gz", hash = "sha256:bc058a25d5c209461f134e1f03cab637d66a7a5ccc12e593db56fbb279899a82"},
]
lovely-pytest-docker = [
    {file = "lovely-pytest-docker-0.1.0.tar.gz", hash = "sha256:f471f442daad56f26660e8c31a075a82c28f5196ecc2d58658cf6516d9eb2cd0"},
    {file = "lovely_pytest_docker-0.1.0-py3-none-any.whl", hash = "sha256:7694a0194b082665edd5729c62513ea38f4320d6268d6f5f9485e878966f93be"},
]
lxml = [
    {file = "lxml-4.3.4-cp27-cp27m-macosx_10_6_intel.macosx_10_9_intel.macosx_10_9_x86_64.macosx_10_10_intel.macosx_10_10_x86_64.whl", hash = "sha256:ef2d1fc370400e0aa755aab0b20cf4f1d0e934e7fd5244f3dd4869078e4942b9"},
    {file = "lxml-4.3.4-cp27-cp27m-manylinux1_i686.whl", hash = "sha256:ede9aad2197a0202caff35d417b671f5f91a3631477441076082a17c94edd846"},
    {file = "lxml-4.3.4-cp27-cp27m-manylinux1_x86_64.whl", hash = "sha256:69ff21064e7debc9b1b1e2eee8c2d686d042d4257186d70b338206a80c5bc5ea"},
    {file = "lxml-4.3.4-cp27-cp27m-win32.whl", hash = "sha256:7060453eba9ba59d821625c6af6a266bd68277dce6577f754d1eb9116c094266"},
    {file = "lxml-4.3.4-cp27-cp27m-win_amd64.whl", hash = "sha256:ce580c28845581535dc6000fc7c35fdadf8bea7ccb57d6321b044508e9ba0685"},
    {file = "lxml-4.3.4-cp27-cp27mu-manylinux1_i686.whl", hash = "sha256:bca9d118b1014b4c2d19319b10a3ebed508ff649396ce1855e1c96528d9b2fa9"},
    {file = "lxml-4.3.4-cp27-cp27mu-manylinux1_x86_64.whl", hash = "sha256:387115b066c797c85f9861a9613abf50046a15aac16759bc92d04f94acfad082"},
    {file = "lxml-4.3.4-cp34-cp34m-manylinux1_i686.whl", hash = "sha256:4d2a5a7d6b0dbb8c37dab66a8ce09a8761409c044017721c21718659fa3365a1"},
    {file = "lxml-4.3.4-cp34-cp34m-manylinux1_x86_64.whl", hash = "sha256:7d26b36a9c4bce53b9cfe42e67849ae3c5c23558bc08363e53ffd6d94f4ff4d2"},
    {file = "lxml-4.3.4-cp35-cp35m-manylinux1_i686.whl", hash = "sha256:177202792f9842374a8077735c69c41a4282183f7851443d2beb8ee310720819"},
    {file = "lxml-4.3.4-cp35-cp35m-manylinux1_x86_64.whl", hash = "sha256:d34923a569e70224d88e6682490e24c842907ba2c948c5fd26185413cbe0cd96"},
    {file = "lxml-4.3.4-cp35-cp35m-win32.whl", hash = "sha256:62a651c618b846b88fdcae0533ec23f185bb322d6c1845733f3123e8980c1d1b"},
    {file = "lxml-4.3.4-cp35-cp35m-win_amd64.whl", hash = "sha256:06c7616601430aa140a69f97e3116308fffe0848f543b639a5ec2e8920ae72fd"},
    {file = "lxml-4.3.4-cp36-cp36m-macosx_10_6_intel.macosx_10_9_intel.macosx_10_9_x86_64.macosx_10_10_intel.macosx_10_10_x86_64.whl", hash = "sha256:19317ad721ceb9e39847d11131903931e2794e447d4751ebb0d9236f1b349ff2"},
    {file = "lxml-4.3.4-cp36-cp36m-manylinux1_i686.whl", hash = "sha256:923d03c84534078386cf50193057aae98fa94cace8ea7580b74754493fda73ad"},
    {file = "lxml-4.3.4-cp36-cp36m-manylinux1_x86_64.whl", hash = "sha256:f2fec194a49bfaef42a548ee657362af5c7a640da757f6f452a35da7dd9f923c"},
    {file = "lxml-4.3.4-cp36-cp36m-win32.whl", hash = "sha256:ecb805cbfe9102f3fd3d2ef16dfe5ae9e2d7a7dfbba92f4ff1e16ac9784dbfb0"},
    {file = "lxml-4.3.4-cp36-cp36m-win_amd64.whl", hash = "sha256:83b427ad2bfa0b9705e02a83d8d607d2c2f01889eb138168e462a3a052c42368"},
    {file = "lxml-4.3.4-cp37-cp37m-macosx_10_6_intel.macosx_10_9_intel.macosx_10_9_x86_64.macosx_10_10_intel.macosx_10_10_x86_64.whl", hash = "sha256:58d0a1b33364d1253a88d18df6c0b2676a1746d27c969dc9e32d143a3701dda5"},
    {file = "lxml-4.3.4-cp37-cp37m-manylinux1_i686.whl", hash = "sha256:36d206e62f3e5dbaafd4ec692b67157e271f5da7fd925fda8515da675eace50d"},
    {file = "lxml-4.3.4-cp37-cp37m-manylinux1_x86_64.whl", hash = "sha256:b773715609649a1a180025213f67ffdeb5a4878c784293ada300ee95a1f3257b"},
    {file = "lxml-4.3.4-cp37-cp37m-win32.whl", hash = "sha256:baff149c174e9108d4a2fee192c496711be85534eab63adb122f93e70aa35431"},
    {file = "lxml-4.3.4-cp37-cp37m-win_amd64.whl", hash = "sha256:dd9f0e531a049d8b35ec5e6c68a37f1ba6ec3a591415e6804cbdf652793d15d7"},
    {file = "lxml-4.3.4.tar.gz", hash = "sha256:3ce1c49d4b4a7bc75fb12acb3a6247bb7a91fe420542e6d671ba9187d12a12c2"},
]
mako = [
    {file = "Mako-1.0.12.tar.gz", hash = "sha256:0cfa65de3a835e87eeca6ac856b3013aade55f49e32515f65d999f91a2324162"},
]
markdown = [
    {file = "Markdown-3.1.1-py2.py3-none-any.whl", hash = "sha256:56a46ac655704b91e5b7e6326ce43d5ef72411376588afa1dd90e881b83c7e8c"},
    {file = "Markdown-3.1.1.tar.gz", hash = "sha256:2e50876bcdd74517e7b71f3e7a76102050edec255b3983403f1a63e7c8a41e7a"},
]
markupsafe = [
    {file = "MarkupSafe-1.1.1-cp27-cp27m-macosx_10_6_intel.whl", hash = "sha256:09027a7803a62ca78792ad89403b1b7a73a01c8cb65909cd876f7fcebd79b161"},
    {file = "MarkupSafe-1.1.1-cp27-cp27m-manylinux1_i686.whl", hash = "sha256:e249096428b3ae81b08327a63a485ad0878de3fb939049038579ac0ef61e17e7"},
    {file = "MarkupSafe-1.1.1-cp27-cp27m-manylinux1_x86_64.whl", hash = "sha256:500d4957e52ddc3351cabf489e79c91c17f6e0899158447047588650b5e69183"},
    {file = "MarkupSafe-1.1.1-cp27-cp27m-win32.whl", hash = "sha256:b2051432115498d3562c084a49bba65d97cf251f5a331c64a12ee7e04dacc51b"},
    {file = "MarkupSafe-1.1.1-cp27-cp27m-win_amd64.whl", hash = "sha256:98c7086708b163d425c67c7a91bad6e466bb99d797aa64f965e9d25c12111a5e"},
    {file = "MarkupSafe-1.1.1-cp27-cp27mu-manylinux1_i686.whl", hash = "sha256:cd5df75523866410809ca100dc9681e301e3c27567cf498077e8551b6d20e42f"},
    {file = "MarkupSafe-1.1.1-cp27-cp27mu-manylinux1_x86_64.whl", hash = "sha256:43a55c2930bbc139570ac2452adf3d70cdbb3cfe5912c71cdce1c2c6bbd9c5d1"},
    {file = "MarkupSafe-1.1.1-cp34-cp34m-macosx_10_6_intel.whl", hash = "sha256:1027c282dad077d0bae18be6794e6b6b8c91d58ed8a8d89a89d59693b9131db5"},
    {file = "MarkupSafe-1.1.1-cp34-cp34m-manylinux1_i686.whl", hash = "sha256:62fe6c95e3ec8a7fad637b7f3d372c15ec1caa01ab47926cfdf7a75b40e0eac1"},
    {file = "MarkupSafe-1.1.1-cp34-cp34m-manylinux1_x86_64.whl", hash = "sha256:88e5fcfb52ee7b911e8bb6d6aa2fd21fbecc674eadd44118a9cc3863f938e735"},
    {file = "MarkupSafe-1.1.1-cp34-cp34m-win32.whl", hash = "sha256:ade5e387d2ad0d7ebf59146cc00c8044acbd863725f887353a10df825fc8ae21"},
    {file = "MarkupSafe-1.1.1-cp34-cp34m-win_amd64.whl", hash = "sha256:09c4b7f37d6c648cb13f9230d847adf22f8171b1ccc4d5682398e77f40309235"},
    {file = "MarkupSafe-1.1.1-cp35-cp35m-macosx_10_6_intel.whl", hash = "sha256:79855e1c5b8da654cf486b830bd42c06e8780cea587384cf6545b7d9ac013a0b"},
    {file = "MarkupSafe-1.1.1-cp35-cp35m-manylinux1_i686.whl", hash = "sha256:c8716a48d94b06bb3b2524c2b77e055fb313aeb4ea620c8dd03a105574ba704f"},
    {file = "MarkupSafe-1.1.1-cp35-cp35m-manylinux1_x86_64.whl", hash = "sha256:7c1699dfe0cf8ff607dbdcc1e9b9af1755371f92a68f706051cc8c37d447c905"},
    {file = "MarkupSafe-1.1.1-cp35-cp35m-win32.whl", hash = "sha256:6dd73240d2af64df90aa7c4e7481e23825ea70af4b4922f8ede5b9e35f78a3b1"},
    {file = "MarkupSafe-1.1.1-cp35-cp35m-win_amd64.whl", hash = "sha256:9add70b36c5666a2ed02b43b335fe19002ee5235efd4b8a89bfcf9005bebac0d"},
    {file = "MarkupSafe-1.1.1-cp36-cp36m-macosx_10_6_intel.whl", hash = "sha256:24982cc2533820871eba85ba648cd53d8623687ff11cbb805be4ff7b4c971aff"},
    {file = "MarkupSafe-1.1.1-cp36-cp36m-manylinux1_i686.whl", hash = "sha256:00bc623926325b26bb9605ae9eae8a215691f33cae5df11ca5424f06f2d1f473"},
    {file = "MarkupSafe-1.1.1-cp36-cp36m-manylinux1_x86_64.whl", hash = "sha256:717ba8fe3ae9cc0006d7c451f0bb265ee07739daf76355d06366154ee68d221e"},
    {file = "MarkupSafe-1.1.1-cp36-cp36m-win32.whl", hash = "sha256:535f6fc4d397c1563d08b88e485c3496cf5784e927af890fb3c3aac7f933ec66"},
    {file = "MarkupSafe-1.1.1-cp36-cp36m-win_amd64.whl", hash = "sha256:b1282f8c00509d99fef04d8ba936b156d419be841854fe901d8ae224c59f0be5"},
    {file = "MarkupSafe-1.1.1-cp37-cp37m-macosx_10_6_intel.whl", hash = "sha256:8defac2f2ccd6805ebf65f5eeb132adcf2ab57aa11fdf4c0dd5169a004710e7d"},
    {file = "MarkupSafe-1.1.1-cp37-cp37m-manylinux1_i686.whl", hash = "sha256:46c99d2de99945ec5cb54f23c8cd5689f6d7177305ebff350a58ce5f8de1669e"},
    {file = "MarkupSafe-1.1.1-cp37-cp37m-manylinux1_x86_64.whl", hash = "sha256:ba59edeaa2fc6114428f1637ffff42da1e311e29382d81b339c1817d37ec93c6"},
    {file = "MarkupSafe-1.1.1-cp37-cp37m-win32.whl", hash = "sha256:b00c1de48212e4cc9603895652c5c410df699856a2853135b3967591e4beebc2"},
    {file = "MarkupSafe-1.1.1-cp37-cp37m-win_amd64.whl", hash = "sha256:9bf40443012702a1d2070043cb6291650a0841ece432556f784f004937f0f32c"},
    {file = "MarkupSafe-1.1.1-cp38-cp38-macosx_10_9_x86_64.whl", hash = "sha256:6788b695d50a51edb699cb55e35487e430fa21f1ed838122d722e0ff0ac5ba15"},
    {file = "MarkupSafe-1.1.1-cp38-cp38-manylinux1_i686.whl", hash = "sha256:cdb132fc825c38e1aeec2c8aa9338310d29d337bebbd7baa06889d09a60a1fa2"},
    {file = "MarkupSafe-1.1.1-cp38-cp38-manylinux1_x86_64.whl", hash = "sha256:13d3144e1e340870b25e7b10b98d779608c02016d5184cfb9927a9f10c689f42"},
    {file = "MarkupSafe-1.1.1-cp38-cp38-win32.whl", hash = "sha256:596510de112c685489095da617b5bcbbac7dd6384aeebeda4df6025d0256a81b"},
    {file = "MarkupSafe-1.1.1-cp38-cp38-win_amd64.whl", hash = "sha256:e8313f01ba26fbbe36c7be1966a7b7424942f670f38e666995b88d012765b9be"},
    {file = "MarkupSafe-1.1.1.tar.gz", hash = "sha256:29872e92839765e546828bb7754a68c418d927cd064fd4708fab9fe9c8bb116b"},
]
more-itertools = [
    {file = "more-itertools-8.5.0.tar.gz", hash = "sha256:6f83822ae94818eae2612063a5101a7311e68ae8002005b5e05f03fd74a86a20"},
    {file = "more_itertools-8.5.0-py3-none-any.whl", hash = "sha256:9b30f12df9393f0d28af9210ff8efe48d10c94f73e5daf886f10c4b0b0b4f03c"},
]
munch = [
    {file = "munch-2.5.0-py2.py3-none-any.whl", hash = "sha256:6f44af89a2ce4ed04ff8de41f70b226b984db10a91dcc7b9ac2efc1c77022fdd"},
    {file = "munch-2.5.0.tar.gz", hash = "sha256:2d735f6f24d4dba3417fa448cae40c6e896ec1fdab6cdb5e6510999758a4dbd2"},
]
packaging = [
    {file = "packaging-20.4-py2.py3-none-any.whl", hash = "sha256:998416ba6962ae7fbd6596850b80e17859a5753ba17c32284f67bfff33784181"},
    {file = "packaging-20.4.tar.gz", hash = "sha256:4357f74f47b9c12db93624a82154e9b120fa8293699949152b22065d556079f8"},
]
painter = [
    {file = "painter-0.3.1.tar.gz", hash = "sha256:3373463d584ba9bbbb23d570c37893e7930b93704fe1149df88e9d2ef906fc88"},
]
pillow = [
    {file = "Pillow-6.0.0-cp27-cp27m-macosx_10_6_intel.macosx_10_9_intel.macosx_10_9_x86_64.macosx_10_10_intel.macosx_10_10_x86_64.whl", hash = "sha256:74d90d499c9c736d52dd6d9b7221af5665b9c04f1767e35f5dd8694324bd4601"},
    {file = "Pillow-6.0.0-cp27-cp27m-manylinux1_i686.whl", hash = "sha256:15c056bfa284c30a7f265a41ac4cbbc93bdbfc0dfe0613b9cb8a8581b51a9e55"},
    {file = "Pillow-6.0.0-cp27-cp27m-manylinux1_x86_64.whl", hash = "sha256:8c3889c7681af77ecfa4431cd42a2885d093ecb811e81fbe5e203abc07e0995b"},
    {file = "Pillow-6.0.0-cp27-cp27m-win32.whl", hash = "sha256:1a4e06ba4f74494ea0c58c24de2bb752818e9d504474ec95b0aa94f6b0a7e479"},
    {file = "Pillow-6.0.0-cp27-cp27m-win_amd64.whl", hash = "sha256:c4c78e2c71c257c136cdd43869fd3d5e34fc2162dc22e4a5406b0ebe86958239"},
    {file = "Pillow-6.0.0-cp27-cp27mu-manylinux1_i686.whl", hash = "sha256:b7ebd36128a2fe93991293f997e44be9286503c7530ace6a55b938b20be288d8"},
    {file = "Pillow-6.0.0-cp27-cp27mu-manylinux1_x86_64.whl", hash = "sha256:cf0a2e040fdf5a6d95f4c286c6ef1df6b36c218b528c8a9158ec2452a804b9b8"},
    {file = "Pillow-6.0.0-cp35-cp35m-macosx_10_6_intel.macosx_10_9_intel.macosx_10_9_x86_64.macosx_10_10_intel.macosx_10_10_x86_64.whl", hash = "sha256:9218d81b9fca98d2c47d35d688a0cea0c42fd473159dfd5612dcb0483c63e40b"},
    {file = "Pillow-6.0.0-cp35-cp35m-manylinux1_i686.whl", hash = "sha256:1c3c707c76be43c9e99cb7e3d5f1bee1c8e5be8b8a2a5eeee665efbf8ddde91a"},
    {file = "Pillow-6.0.0-cp35-cp35m-manylinux1_x86_64.whl", hash = "sha256:c6a842537f887be1fe115d8abb5daa9bc8cc124e455ff995830cc785624a97af"},
    {file = "Pillow-6.0.0-cp35-cp35m-win32.whl", hash = "sha256:dca5660e25932771460d4688ccbb515677caaf8595f3f3240ec16c117deff89a"},
    {file = "Pillow-6.0.0-cp35-cp35m-win_amd64.whl", hash = "sha256:46aa988e15f3ea72dddd81afe3839437b755fffddb5e173886f11460be909dce"},
    {file = "Pillow-6.0.0-cp36-cp36m-macosx_10_6_intel.macosx_10_9_intel.macosx_10_9_x86_64.macosx_10_10_intel.macosx_10_10_x86_64.whl", hash = "sha256:258d886a49b6b058cd7abb0ab4b2b85ce78669a857398e83e8b8e28b317b5abb"},
    {file = "Pillow-6.0.0-cp36-cp36m-manylinux1_i686.whl", hash = "sha256:e6c0bbf8e277b74196e3140c35f9a1ae3eafd818f7f2d3a15819c49135d6c062"},
    {file = "Pillow-6.0.0-cp36-cp36m-manylinux1_x86_64.whl", hash = "sha256:33c79b6dd6bc7f65079ab9ca5bebffb5f5d1141c689c9c6a7855776d1b09b7e8"},
    {file = "Pillow-6.0.0-cp36-cp36m-win32.whl", hash = "sha256:44e5240e8f4f8861d748f2a58b3f04daadab5e22bfec896bf5434745f788f33f"},
    {file = "Pillow-6.0.0-cp36-cp36m-win_amd64.whl", hash = "sha256:3c1884ff078fb8bf5f63d7d86921838b82ed4a7d0c027add773c2f38b3168754"},
    {file = "Pillow-6.0.0-cp37-cp37m-macosx_10_6_intel.macosx_10_9_intel.macosx_10_9_x86_64.macosx_10_10_intel.macosx_10_10_x86_64.whl", hash = "sha256:cfd28aad6fc61f7a5d4ee556a997dc6e5555d9381d1390c00ecaf984d57e4232"},
    {file = "Pillow-6.0.0-cp37-cp37m-manylinux1_i686.whl", hash = "sha256:1fd0b290203e3b0882d9605d807b03c0f47e3440f97824586c173eca0aadd99d"},
    {file = "Pillow-6.0.0-cp37-cp37m-manylinux1_x86_64.whl", hash = "sha256:367385fc797b2c31564c427430c7a8630db1a00bd040555dfc1d5c52e39fcd72"},
    {file = "Pillow-6.0.0-cp37-cp37m-win32.whl", hash = "sha256:24114e4a6e1870c5a24b1da8f60d0ba77a0b4027907860188ea82bd3508c80eb"},
    {file = "Pillow-6.0.0-cp37-cp37m-win_amd64.whl", hash = "sha256:9aa4f3827992288edd37c9df345783a69ef58bd20cc02e64b36e44bcd157bbf1"},
    {file = "Pillow-6.0.0-pp271-pypy_41-win32.whl", hash = "sha256:de7aedc85918c2f887886442e50f52c1b93545606317956d65f342bd81cb4fc3"},
    {file = "Pillow-6.0.0-pp370-pp370-win32.whl", hash = "sha256:9d80f44137a70b6f84c750d11019a3419f409c944526a95219bea0ac31f4dd91"},
    {file = "Pillow-6.0.0-pp372-pp372-win32.whl", hash = "sha256:85d1ef2cdafd5507c4221d201aaf62fc9276f8b0f71bd3933363e62a33abc734"},
    {file = "Pillow-6.0.0-py2.7-win-amd64.egg", hash = "sha256:c5472ea3945e8f9eb0659f37fc1f592fd06f4f725f0f03774a8999ad8c130334"},
    {file = "Pillow-6.0.0-py2.7-win32.egg", hash = "sha256:09c4e81c3277199898e8dc2d85d94febad87c41251ecbd447ba7d64d94765bd8"},
    {file = "Pillow-6.0.0-py3.5-win-amd64.egg", hash = "sha256:2734c55f7d054b0ad889c971136cbb0a5b35a921e27beaa44fdc2436af529c6e"},
    {file = "Pillow-6.0.0-py3.5-win32.egg", hash = "sha256:492e1e4df823b57f9334f591c78a1e0e65a361e92594534e0568eeeeea56bbba"},
    {file = "Pillow-6.0.0-py3.6-win-amd64.egg", hash = "sha256:9319215530e236822169cbe92426cdc18d16b88c943fdf365a6309a89876e335"},
    {file = "Pillow-6.0.0-py3.6-win32.egg", hash = "sha256:2ac36ec56727a95bd5a04dfca6abce1db8042c31ee73b65796a42f31fd52d009"},
    {file = "Pillow-6.0.0-py3.7-win-amd64.egg", hash = "sha256:96ec275c83bf839972d6a7dd7d685fdfb6a3233c3c382ecff839d04e7d53955d"},
    {file = "Pillow-6.0.0-py3.7-win32.egg", hash = "sha256:c30857e1fbf7d4a4b79d7d376eefaf293ea4307b8293d00a62e6f517f51bfe9b"},
    {file = "Pillow-6.0.0.tar.gz", hash = "sha256:809c0a2ce9032cbcd7b5313f71af4bdc5c8c771cb86eb7559afd954cab82ebb5"},
    {file = "Pillow-6.0.0.win-amd64-py2.7.exe", hash = "sha256:0683e80d81e840d401b687ebc00a02bbb23d0793c34d0852a5af64cfa1589540"},
    {file = "Pillow-6.0.0.win-amd64-py3.5.exe", hash = "sha256:0ee74a23022af9baf997e3016b4e090e4ff08688d37a6f49010338ab46cfe101"},
    {file = "Pillow-6.0.0.win-amd64-py3.6.exe", hash = "sha256:50fb9e25d25cfcb50b2e6842c4e104e4f0b424be4624e1724532bf005c67589a"},
    {file = "Pillow-6.0.0.win-amd64-py3.7.exe", hash = "sha256:5ceadd60dbd1e56ab7faffbfee1df5ecb83c3f0420e47f652cd5306d70eb0296"},
    {file = "Pillow-6.0.0.win32-py2.7.exe", hash = "sha256:d0fd1ec2e7c3e0aeaae999efe83f5d0f42c1160a1f8be5120d40857d20baa452"},
    {file = "Pillow-6.0.0.win32-py3.5.exe", hash = "sha256:10860baedfe5da7c43cd17835b091494dcc59dda5ad176a011713fe398ea6ac2"},
    {file = "Pillow-6.0.0.win32-py3.6.exe", hash = "sha256:7eeac51fc37e6b19631a4b8e38b8261a074efcf7cc27fc16a6bee4697af7aaa5"},
    {file = "Pillow-6.0.0.win32-py3.7.exe", hash = "sha256:2bc1002b573d107c0b172a5da0f34b4900b2ddc6c3296b82d601e966d5ac1959"},
]
pluggy = [
    {file = "pluggy-0.13.1-py2.py3-none-any.whl", hash = "sha256:966c145cd83c96502c3c3868f50408687b38434af77734af1e9ca461a4081d2d"},
    {file = "pluggy-0.13.1.tar.gz", hash = "sha256:15b2acde666561e1298d71b523007ed7364de07029219b604cf808bfa1c765b0"},
]
poetry-dynamic-versioning = [
    {file = "poetry-dynamic-versioning-0.8.3.tar.gz", hash = "sha256:493cf972312947ffce99c9f0e38b504312960b9f616c11954fb3c62cc24c2337"},
    {file = "poetry_dynamic_versioning-0.8.3-py3-none-any.whl", hash = "sha256:75dab648b63d68c359f4d921e00c97ec4d347a8cda21393ca9b61f370d9de004"},
]
py = [
    {file = "py-1.9.0-py2.py3-none-any.whl", hash = "sha256:366389d1db726cd2fcfc79732e75410e5fe4d31db13692115529d34069a043c2"},
    {file = "py-1.9.0.tar.gz", hash = "sha256:9ca6883ce56b4e8da7e79ac18787889fa5206c79dcc67fb065376cd2fe03f342"},
]
pyparsing = [
    {file = "pyparsing-2.4.7-py2.py3-none-any.whl", hash = "sha256:ef9d7589ef3c200abe66653d3f1ab1033c3c419ae9b9bdb1240a85b024efc88b"},
    {file = "pyparsing-2.4.7.tar.gz", hash = "sha256:c203ec8783bf771a155b207279b9bccb8dea02d8f0c9e5f8ead507bc3246ecc1"},
]
pyrsistent = [
    {file = "pyrsistent-0.17.3.tar.gz", hash = "sha256:2e636185d9eb976a18a8a8e96efce62f2905fea90041958d8cc2a189756ebf3e"},
]
pytest = [
    {file = "pytest-5.4.3-py3-none-any.whl", hash = "sha256:5c0db86b698e8f170ba4582a492248919255fcd4c79b1ee64ace34301fb589a1"},
    {file = "pytest-5.4.3.tar.gz", hash = "sha256:7979331bfcba207414f5e1263b5a0f8f521d0f457318836a7355531ed1a4c7d8"},
]
pytest-forked = [
    {file = "pytest-forked-1.3.0.tar.gz", hash = "sha256:6aa9ac7e00ad1a539c41bec6d21011332de671e938c7637378ec9710204e37ca"},
    {file = "pytest_forked-1.3.0-py2.py3-none-any.whl", hash = "sha256:dc4147784048e70ef5d437951728825a131b81714b398d5d52f17c7c144d8815"},
]
pytest-ordering = [
    {file = "pytest-ordering-0.6.tar.gz", hash = "sha256:561ad653626bb171da78e682f6d39ac33bb13b3e272d406cd555adb6b006bda6"},
    {file = "pytest_ordering-0.6-py2-none-any.whl", hash = "sha256:27fba3fc265f5d0f8597e7557885662c1bdc1969497cd58aff6ed21c3b617de2"},
    {file = "pytest_ordering-0.6-py3-none-any.whl", hash = "sha256:3f314a178dbeb6777509548727dc69edf22d6d9a2867bf2d310ab85c403380b6"},
]
pytest-splunk-addon = [
    {file = "pytest-splunk-addon-1.3.5.tar.gz", hash = "sha256:8ff554b8423b6c7e2b33ed45ff2ef2b71d8697de33e5b17b6fb259fd3b4202b2"},
    {file = "pytest_splunk_addon-1.3.5-py2.py3-none-any.whl", hash = "sha256:54c93c7e02e12b36078656079bfae136b09508d44c17b52f58836804a965c083"},
]
pytest-xdist = [
    {file = "pytest-xdist-1.34.0.tar.gz", hash = "sha256:340e8e83e2a4c0d861bdd8d05c5d7b7143f6eea0aba902997db15c2a86be04ee"},
    {file = "pytest_xdist-1.34.0-py2.py3-none-any.whl", hash = "sha256:ba5d10729372d65df3ac150872f9df5d2ed004a3b0d499cc0164aafedd8c7b66"},
]
python-dateutil = [
    {file = "python-dateutil-2.8.1.tar.gz", hash = "sha256:73ebfe9dbf22e832286dafa60473e4cd239f8592f699aa5adaf10050e6e1823c"},
    {file = "python_dateutil-2.8.1-py2.py3-none-any.whl", hash = "sha256:75bb3f31ea686f1197762692a9ee6a7550b59fc6ca3a1f4b5d7e32fb98e2da2a"},
]
python-magic = [
    {file = "python-magic-0.4.15.tar.gz", hash = "sha256:f3765c0f582d2dfc72c15f3b5a82aecfae9498bd29ca840d72f37d7bd38bfcd5"},
    {file = "python_magic-0.4.15-py2.py3-none-any.whl", hash = "sha256:f2674dcfad52ae6c49d4803fa027809540b130db1dec928cfbb9240316831375"},
]
pyyaml = [
    {file = "PyYAML-5.3-cp27-cp27m-win32.whl", hash = "sha256:940532b111b1952befd7db542c370887a8611660d2b9becff75d39355303d82d"},
    {file = "PyYAML-5.3-cp27-cp27m-win_amd64.whl", hash = "sha256:059b2ee3194d718896c0ad077dd8c043e5e909d9180f387ce42012662a4946d6"},
    {file = "PyYAML-5.3-cp35-cp35m-win32.whl", hash = "sha256:4fee71aa5bc6ed9d5f116327c04273e25ae31a3020386916905767ec4fc5317e"},
    {file = "PyYAML-5.3-cp35-cp35m-win_amd64.whl", hash = "sha256:dbbb2379c19ed6042e8f11f2a2c66d39cceb8aeace421bfc29d085d93eda3689"},
    {file = "PyYAML-5.3-cp36-cp36m-win32.whl", hash = "sha256:e3a057b7a64f1222b56e47bcff5e4b94c4f61faac04c7c4ecb1985e18caa3994"},
    {file = "PyYAML-5.3-cp36-cp36m-win_amd64.whl", hash = "sha256:74782fbd4d4f87ff04159e986886931456a1894c61229be9eaf4de6f6e44b99e"},
    {file = "PyYAML-5.3-cp37-cp37m-win32.whl", hash = "sha256:24521fa2890642614558b492b473bee0ac1f8057a7263156b02e8b14c88ce6f5"},
    {file = "PyYAML-5.3-cp37-cp37m-win_amd64.whl", hash = "sha256:1cf708e2ac57f3aabc87405f04b86354f66799c8e62c28c5fc5f88b5521b2dbf"},
    {file = "PyYAML-5.3-cp38-cp38-win32.whl", hash = "sha256:70024e02197337533eef7b85b068212420f950319cc8c580261963aefc75f811"},
    {file = "PyYAML-5.3-cp38-cp38-win_amd64.whl", hash = "sha256:cb1f2f5e426dc9f07a7681419fe39cee823bb74f723f36f70399123f439e9b20"},
    {file = "PyYAML-5.3.tar.gz", hash = "sha256:e9f45bd5b92c7974e59bcd2dcc8631a6b6cc380a904725fce7bc08872e691615"},
]
regex = [
    {file = "regex-2019.06.08-cp27-none-win32.whl", hash = "sha256:38e6486c7e14683cd1b17a4218760f0ea4c015633cf1b06f7c190fb882a51ba7"},
    {file = "regex-2019.06.08-cp27-none-win_amd64.whl", hash = "sha256:80dde4ff10b73b823da451687363cac93dd3549e059d2dc19b72a02d048ba5aa"},
    {file = "regex-2019.06.08-cp35-none-win32.whl", hash = "sha256:2948310c01535ccb29bb600dd033b07b91f36e471953889b7f3a1e66b39d0c19"},
    {file = "regex-2019.06.08-cp35-none-win_amd64.whl", hash = "sha256:1c70ccb8bf4ded0cbe53092e9f56dcc9d6b0efcf6e80b6ef9b0ece8a557d6635"},
    {file = "regex-2019.06.08-cp36-none-win32.whl", hash = "sha256:2ab13db0411cb308aa590d33c909ea4efeced40188d8a4a7d3d5970657fe73bc"},
    {file = "regex-2019.06.08-cp36-none-win_amd64.whl", hash = "sha256:ca4f47131af28ef168ff7c80d4b4cad019cb4cabb5fa26143f43aa3dbd60389c"},
    {file = "regex-2019.06.08-cp37-none-win32.whl", hash = "sha256:dd4e8924915fa748e128864352875d3d0be5f4597ab1b1d475988b8e3da10dd7"},
    {file = "regex-2019.06.08-cp37-none-win_amd64.whl", hash = "sha256:f2c65530255e4010a5029eb11138f5ecd5aa70363f57a3444d83b3253b0891be"},
    {file = "regex-2019.06.08-cp38-none-win32.whl", hash = "sha256:b98e5876ca1e63b41c4aa38d7d5cc04a736415d4e240e9ae7ebc4f780083c7d5"},
    {file = "regex-2019.06.08-cp38-none-win_amd64.whl", hash = "sha256:cf7838110d3052d359da527372666429b9485ab739286aa1a11ed482f037a88c"},
    {file = "regex-2019.06.08.tar.gz", hash = "sha256:84daedefaa56320765e9c4d43912226d324ef3cc929f4d75fa95f8c579a08211"},
]
requests = [
    {file = "requests-2.24.0-py2.py3-none-any.whl", hash = "sha256:fe75cc94a9443b9246fc7049224f75604b113c36acb93f87b80ed42c44cbb898"},
    {file = "requests-2.24.0.tar.gz", hash = "sha256:b3559a131db72c33ee969480840fff4bb6dd111de7dd27c8ee1f820f4f00231b"},
]
requests2 = [
    {file = "requests2-2.16.0-py2.py3-none-any.whl", hash = "sha256:141d4f8ad6c1b68932d54f71f303c2aef681556b519c490ec83da193761a9f91"},
    {file = "requests2-2.16.0.tar.gz", hash = "sha256:f7685b2d620a172053cced288dddf12d4b3441a382cc382821c0f36c02488516"},
]
schematics = [
    {file = "schematics-2.1.0-py2.py3-none-any.whl", hash = "sha256:8fcc6182606fd0b24410a1dbb066d9bbddbe8da9c9509f47b743495706239283"},
    {file = "schematics-2.1.0.tar.gz", hash = "sha256:a40b20635c0e43d18d3aff76220f6cd95ea4decb3f37765e49529b17d81b0439"},
]
six = [
    {file = "six-1.12.0-py2.py3-none-any.whl", hash = "sha256:3350809f0555b11f552448330d0b52d5f24c91a322ea4a15ef22629740f3761c"},
    {file = "six-1.12.0.tar.gz", hash = "sha256:d16a0141ec1a18405cd4ce8b4613101da75da0e9a7aec5bdd4fa804d0e0eba73"},
]
solnlib = [
    {file = "solnlib-3.0.0-py2.py3-none-any.whl", hash = "sha256:ea06f96453ae4e4155a09e9471fda7322b09137e0127f1da0a55543dad1fbd93"},
    {file = "solnlib-3.0.0.tar.gz", hash = "sha256:2b008b9f43d1632e0ca2d2ed6d692f0440019192b505cd43836031ac80f9692a"},
]
sortedcontainers = [
    {file = "sortedcontainers-2.2.2-py2.py3-none-any.whl", hash = "sha256:c633ebde8580f241f274c1f8994a665c0e54a17724fecd0cae2f079e09c36d3f"},
    {file = "sortedcontainers-2.2.2.tar.gz", hash = "sha256:4e73a757831fc3ca4de2859c422564239a31d8213d09a2a666e375807034d2ba"},
]
soupsieve = [
    {file = "soupsieve-2.0.1-py3-none-any.whl", hash = "sha256:1634eea42ab371d3d346309b93df7870a88610f0725d47528be902a0d95ecc55"},
    {file = "soupsieve-2.0.1.tar.gz", hash = "sha256:a59dc181727e95d25f781f0eb4fd1825ff45590ec8ff49eadfd7f1a537cc0232"},
]
splunk-appinspect = [
    {file = "splunk-appinspect-2.2.1.tar.gz", hash = "sha256:b44462ec65fcc86db258c0699d8b424950a30a2b0e3e3b2ca6d19345ce19cb92"},
    {file = "splunk_appinspect-2.2.1-py3-none-any.whl", hash = "sha256:68c49b7fb5edbfa8326edaae24e4f8f861ef1be9ef928f887053d0b284d22f27"},
]
splunk-sdk = [
    {file = "splunk-sdk-1.6.14.tar.gz", hash = "sha256:9f0fa01cbf706f3777d055d3d3dc05b0d3b51ec42978e5917d49cd09a7e7750f"},
]
text-unidecode = [
    {file = "text-unidecode-1.3.tar.gz", hash = "sha256:bad6603bb14d279193107714b288be206cac565dfa49aa5b105294dd5c4aab93"},
    {file = "text_unidecode-1.3-py2.py3-none-any.whl", hash = "sha256:1311f10e8b895935241623731c2ba64f4c455287888b18189350b67134a822e8"},
]
tomlkit = [
    {file = "tomlkit-0.7.0-py2.py3-none-any.whl", hash = "sha256:6babbd33b17d5c9691896b0e68159215a9387ebfa938aa3ac42f4a4beeb2b831"},
    {file = "tomlkit-0.7.0.tar.gz", hash = "sha256:ac57f29693fab3e309ea789252fcce3061e19110085aa31af5446ca749325618"},
]
urllib3 = [
    {file = "urllib3-1.21.1-py2.py3-none-any.whl", hash = "sha256:8ed6d5c1ff9d6ba84677310060d6a3a78ca3072ce0684cb3c645023009c114b1"},
    {file = "urllib3-1.21.1.tar.gz", hash = "sha256:b14486978518ca0901a76ba973d7821047409d7f726f22156b24e83fd71382a5"},
]
wcwidth = [
    {file = "wcwidth-0.2.5-py2.py3-none-any.whl", hash = "sha256:beb4802a9cebb9144e99086eff703a642a13d6a0052920003a230f3294bbe784"},
    {file = "wcwidth-0.2.5.tar.gz", hash = "sha256:c4d647b99872929fdb7bdcaa4fbe7f01413ed3d98077df798530e5b04f116c83"},
]
zipp = [
    {file = "zipp-3.1.0-py3-none-any.whl", hash = "sha256:aa36550ff0c0b7ef7fa639055d797116ee891440eac1a56f378e2d3179e0320b"},
    {file = "zipp-3.1.0.tar.gz", hash = "sha256:c599e4d75c98f6798c509911d08a22e6c021d074469042177c8c86fb92eefd96"},
]
